<?xml version="1.0" encoding="UTF-8"?>
<Project ToolsVersion="4.0" xmlns="http://schemas.microsoft.com/developer/msbuild/2003">
    <ItemGroup>
        <Filter Include="Environment">
            <UniqueIdentifier>{5AB885E5-6120-4713-93B0-2896616D023E}</UniqueIdentifier>
        </Filter>
        <Filter Include="Game">
            <UniqueIdentifier>{6601D67C-8B37-405D-B48D-CE14004B7BFE}</UniqueIdentifier>
        </Filter>
        <Filter Include="Resources">
            <UniqueIdentifier>{8174F340-8375-43D8-9E2A-39960ED58AEB}</UniqueIdentifier>
        </Filter>
        <Filter Include="SEED">
            <UniqueIdentifier>{229DE8B7-4F46-443D-A457-39C1C42FC9CD}</UniqueIdentifier>
        </Filter>
        <Filter Include="Game\Components">
            <UniqueIdentifier>{09EC34FE-774A-4E50-9E0D-76753705D055}</UniqueIdentifier>
        </Filter>
        <Filter Include="Game\Config">
            <UniqueIdentifier>{89E6862F-2E38-4B5F-AFD4-B0F0F0A08A11}</UniqueIdentifier>
        </Filter>
        <Filter Include="Game\Manager">
            <UniqueIdentifier>{2DB98918-E71E-47B5-AA7A-6C82B87ABA00}</UniqueIdentifier>
        </Filter>
        <Filter Include="Game\Objects">
            <UniqueIdentifier>{1C18EC2D-2D38-4E2C-A3C5-4E7D2D3CA2B0}</UniqueIdentifier>
        </Filter>
        <Filter Include="Game\Scene">
            <UniqueIdentifier>{90A2D1C1-7762-4F51-8B28-0667925F8328}</UniqueIdentifier>
        </Filter>
        <Filter Include="Resources\Shaders">
            <UniqueIdentifier>{2E5F15D0-E37E-45E4-9DCD-32E70C669E5D}</UniqueIdentifier>
        </Filter>
        <Filter Include="SEED\External">
            <UniqueIdentifier>{83DC4210-7FC6-4E64-9A86-5ABDBCAB3745}</UniqueIdentifier>
        </Filter>
        <Filter Include="SEED\Lib">
            <UniqueIdentifier>{0BBA4D4E-F4D7-4314-8961-236AC0041097}</UniqueIdentifier>
        </Filter>
        <Filter Include="SEED\Source">
            <UniqueIdentifier>{1EAA81C6-1AD7-40CE-97C9-1D719EBBB43F}</UniqueIdentifier>
        </Filter>
        <Filter Include="Game\Objects\Combo">
            <UniqueIdentifier>{A8B56187-85D9-45A3-A734-A7C406EF6828}</UniqueIdentifier>
        </Filter>
        <Filter Include="Game\Objects\Effects">
            <UniqueIdentifier>{37DCE888-786C-4CD7-9435-F232205333B5}</UniqueIdentifier>
        </Filter>
        <Filter Include="Game\Objects\Enums">
            <UniqueIdentifier>{4A5AD139-8B22-435F-8F56-7D3A96C45035}</UniqueIdentifier>
        </Filter>
        <Filter Include="Game\Objects\Judgement">
            <UniqueIdentifier>{098714E6-D658-45CD-931C-7A01B7D292AB}</UniqueIdentifier>
        </Filter>
        <Filter Include="Game\Objects\Notes">
            <UniqueIdentifier>{68B451FB-D0D9-4F84-9E73-FAEE90825884}</UniqueIdentifier>
        </Filter>
        <Filter Include="Game\Objects\Result">
            <UniqueIdentifier>{A84A54D8-D641-4C87-8C6A-D31B694149D3}</UniqueIdentifier>
        </Filter>
        <Filter Include="Game\Objects\SongSelect">
            <UniqueIdentifier>{39599697-1919-45B2-95E7-2DBB594D04BD}</UniqueIdentifier>
        </Filter>
        <Filter Include="Game\Objects\Tutorial">
            <UniqueIdentifier>{C5B53B2F-B8C4-43EF-B98E-A8B7812B3DC6}</UniqueIdentifier>
        </Filter>
        <Filter Include="Game\Scene\Scene_Clear">
            <UniqueIdentifier>{772A72FD-A81D-4D09-950E-43A65E947829}</UniqueIdentifier>
        </Filter>
        <Filter Include="Game\Scene\Scene_Game">
            <UniqueIdentifier>{22224613-E6F5-4837-B3FD-B14619170490}</UniqueIdentifier>
        </Filter>
        <Filter Include="Game\Scene\Scene_Title">
            <UniqueIdentifier>{E9D9C067-A015-40B2-9705-0E872FB19D4B}</UniqueIdentifier>
        </Filter>
        <Filter Include="Resources\Shaders\GPUParticle">
            <UniqueIdentifier>{34BA37BA-FA34-4F64-8F9E-1FDAA2C9A3AC}</UniqueIdentifier>
        </Filter>
        <Filter Include="Resources\Shaders\GaussianFilter">
            <UniqueIdentifier>{DBB9AA92-034A-4011-8E93-864CF1DC7431}</UniqueIdentifier>
        </Filter>
        <Filter Include="Resources\Shaders\Math">
            <UniqueIdentifier>{DE9F9B6F-ADDD-49A7-AD5F-68018C08B951}</UniqueIdentifier>
        </Filter>
        <Filter Include="Resources\Shaders\Random">
            <UniqueIdentifier>{4D0A5AC6-E3A6-42EC-B46F-5B1E7F102B95}</UniqueIdentifier>
        </Filter>
        <Filter Include="Resources\Shaders\Video">
            <UniqueIdentifier>{1BF64F4D-3294-4C46-827F-7C8B9B1DD9D8}</UniqueIdentifier>
        </Filter>
        <Filter Include="SEED\External\stb">
            <UniqueIdentifier>{320CEE90-CF25-458A-8220-EAD60551F6EF}</UniqueIdentifier>
        </Filter>
        <Filter Include="SEED\Lib\Functions">
            <UniqueIdentifier>{5778EE6B-EEA6-4C04-8F70-60B49C2547D1}</UniqueIdentifier>
        </Filter>
        <Filter Include="SEED\Lib\Includes">
            <UniqueIdentifier>{9BE69680-B803-471E-BAE3-BA8E90A32705}</UniqueIdentifier>
        </Filter>
        <Filter Include="SEED\Lib\Shapes">
            <UniqueIdentifier>{80301385-AA6B-41F9-95DC-2B4414292222}</UniqueIdentifier>
        </Filter>
        <Filter Include="SEED\Lib\Structs">
            <UniqueIdentifier>{E09023A5-A755-49CD-9376-C10F85811C7A}</UniqueIdentifier>
        </Filter>
        <Filter Include="SEED\Lib\Tensor">
            <UniqueIdentifier>{77FDEA37-F58F-4BE8-8F51-B7886CE7A515}</UniqueIdentifier>
        </Filter>
        <Filter Include="SEED\Lib\enums">
            <UniqueIdentifier>{885E9814-E4BD-459A-9606-B9EA75296454}</UniqueIdentifier>
        </Filter>
        <Filter Include="SEED\Source\Basic">
            <UniqueIdentifier>{DDDB99D3-A074-408E-97EA-E9B7CE95CBE6}</UniqueIdentifier>
        </Filter>
        <Filter Include="SEED\Source\Editor">
            <UniqueIdentifier>{5C19B2D2-1EA4-49B8-9378-518237FB44DB}</UniqueIdentifier>
        </Filter>
        <Filter Include="SEED\Source\Manager">
            <UniqueIdentifier>{7C62D6BB-D372-4FEF-911F-07C2D3B2019E}</UniqueIdentifier>
        </Filter>
        <Filter Include="Game\Scene\Scene_Game\State">
            <UniqueIdentifier>{9E7E79CB-071F-4942-8284-F00B7025B5EC}</UniqueIdentifier>
        </Filter>
        <Filter Include="SEED\Source\Basic\Camera">
            <UniqueIdentifier>{B830C0CF-D144-47D4-B0B8-92822240FB62}</UniqueIdentifier>
        </Filter>
        <Filter Include="SEED\Source\Basic\Collision">
            <UniqueIdentifier>{B981B2E0-E327-42CB-ACB8-B986C8C08111}</UniqueIdentifier>
        </Filter>
        <Filter Include="SEED\Source\Basic\Components">
            <UniqueIdentifier>{4593BE65-BC2F-49BD-9D54-8B4E613BB9F6}</UniqueIdentifier>
        </Filter>
        <Filter Include="SEED\Source\Basic\Dictionary">
            <UniqueIdentifier>{5F970169-4495-4A45-A0D3-C84D034190B5}</UniqueIdentifier>
        </Filter>
        <Filter Include="SEED\Source\Basic\Object">
            <UniqueIdentifier>{76447FB3-E5EC-4B99-B714-AF2471AA0483}</UniqueIdentifier>
        </Filter>
        <Filter Include="SEED\Source\Basic\PostProcess">
            <UniqueIdentifier>{091A6084-77FC-4ADF-B95B-0F22B121A127}</UniqueIdentifier>
        </Filter>
        <Filter Include="SEED\Source\Basic\Scene">
            <UniqueIdentifier>{712E84C4-BC90-4931-9998-2F1E2CF65630}</UniqueIdentifier>
        </Filter>
        <Filter Include="SEED\Source\Basic\SceneTransition">
            <UniqueIdentifier>{0A474325-2BAE-478D-B523-29FA836D2AB7}</UniqueIdentifier>
        </Filter>
        <Filter Include="SEED\Source\Editor\CurveEditor">
            <UniqueIdentifier>{DB95D481-5AE1-4D1B-B621-9BB4C44E6763}</UniqueIdentifier>
        </Filter>
        <Filter Include="SEED\Source\Manager\AudioManager">
            <UniqueIdentifier>{CFECEF56-D31D-49D0-B0A5-9C7469789D39}</UniqueIdentifier>
        </Filter>
        <Filter Include="SEED\Source\Manager\CameraManager">
            <UniqueIdentifier>{3D88D3FB-8820-441C-8246-AC6847114335}</UniqueIdentifier>
        </Filter>
        <Filter Include="SEED\Source\Manager\ClockManager">
            <UniqueIdentifier>{43329C63-5B4A-4803-8791-84EF1B56C817}</UniqueIdentifier>
        </Filter>
        <Filter Include="SEED\Source\Manager\CollisionManager">
            <UniqueIdentifier>{13EE292C-8430-41B4-B9A2-9B7595066BCF}</UniqueIdentifier>
        </Filter>
        <Filter Include="SEED\Source\Manager\DxManager">
            <UniqueIdentifier>{6B9C869B-5BB4-4586-822D-2E7D528AD2CB}</UniqueIdentifier>
        </Filter>
        <Filter Include="SEED\Source\Manager\Hierarchy">
            <UniqueIdentifier>{FC434D42-F037-46D6-8548-B0985D20C673}</UniqueIdentifier>
        </Filter>
        <Filter Include="SEED\Source\Manager\ImGuiManager">
            <UniqueIdentifier>{F8A0DB4D-0A2E-427A-9913-FF5A57820B80}</UniqueIdentifier>
        </Filter>
        <Filter Include="SEED\Source\Manager\InputManager">
            <UniqueIdentifier>{DEF5C224-75F6-4228-A9B1-01DA003A4E14}</UniqueIdentifier>
        </Filter>
        <Filter Include="SEED\Source\Manager\ModelManager">
            <UniqueIdentifier>{41EEA3EE-1C5A-44BD-84FF-317E7C1A3FC1}</UniqueIdentifier>
        </Filter>
        <Filter Include="SEED\Source\Manager\ParticleManager">
            <UniqueIdentifier>{D8A275FE-B0F9-4B2F-BA62-A58B7CC26A98}</UniqueIdentifier>
        </Filter>
        <Filter Include="SEED\Source\Manager\PostEffectSystem">
            <UniqueIdentifier>{FC4EC0A0-39BA-43B0-B7CC-92F86DF30594}</UniqueIdentifier>
        </Filter>
        <Filter Include="SEED\Source\Manager\RuntimeScriptSystem">
            <UniqueIdentifier>{A2DB9431-A423-4D12-BA1F-AD0A13A05D31}</UniqueIdentifier>
        </Filter>
        <Filter Include="SEED\Source\Manager\SceneManager">
            <UniqueIdentifier>{B4536BBE-C08A-4F24-A84F-E64705F07C20}</UniqueIdentifier>
        </Filter>
        <Filter Include="SEED\Source\Manager\SceneTransitionDrawer">
            <UniqueIdentifier>{72D37F5A-7580-4F95-AFCE-531BD2BB7555}</UniqueIdentifier>
        </Filter>
        <Filter Include="SEED\Source\Manager\TextSystem">
            <UniqueIdentifier>{1F3AE126-EC78-40E5-AEAB-3A6CBFF0C194}</UniqueIdentifier>
        </Filter>
        <Filter Include="SEED\Source\Manager\TextureManager">
            <UniqueIdentifier>{B295F7CD-29F6-4141-95B6-F1419129392A}</UniqueIdentifier>
        </Filter>
        <Filter Include="SEED\Source\Manager\VideoManager">
            <UniqueIdentifier>{B2EEAE0F-9DFB-443E-9E96-C3CD4DC83486}</UniqueIdentifier>
        </Filter>
        <Filter Include="SEED\Source\Manager\WindowManager">
            <UniqueIdentifier>{A2A91AD9-CBF7-4ED8-A82E-4FB8F5898969}</UniqueIdentifier>
        </Filter>
        <Filter Include="SEED\Source\Basic\Collision\2D">
            <UniqueIdentifier>{0F712DCD-574D-4D97-BE7F-D0168B7EE137}</UniqueIdentifier>
        </Filter>
        <Filter Include="SEED\Source\Basic\Collision\3D">
            <UniqueIdentifier>{F813FA0F-B0F6-4E09-81F0-DE3C8450E1FD}</UniqueIdentifier>
        </Filter>
        <Filter Include="SEED\Source\Basic\Components\3D&amp;2D">
            <UniqueIdentifier>{CE3E5C1C-3AEB-4502-8FDB-ABF7E79E6E60}</UniqueIdentifier>
        </Filter>
        <Filter Include="SEED\Source\Basic\Components\Only2D">
            <UniqueIdentifier>{89296E80-550D-4853-97D4-1047231C5D05}</UniqueIdentifier>
        </Filter>
        <Filter Include="SEED\Source\Basic\Components\Only3D">
            <UniqueIdentifier>{C372BE35-9251-4F49-80A3-55999FEF27AE}</UniqueIdentifier>
        </Filter>
        <Filter Include="SEED\Source\Basic\PostProcess\Bloom">
            <UniqueIdentifier>{B9422A0B-F73E-4816-B0E3-CB98330E4EF8}</UniqueIdentifier>
        </Filter>
        <Filter Include="SEED\Source\Basic\PostProcess\DoF">
            <UniqueIdentifier>{87EF36AB-ADCC-47C8-8B92-8E87E582343B}</UniqueIdentifier>
        </Filter>
        <Filter Include="SEED\Source\Basic\PostProcess\Fog">
            <UniqueIdentifier>{97326592-C9B1-4764-AB80-96DC75AA42B2}</UniqueIdentifier>
        </Filter>
        <Filter Include="SEED\Source\Basic\PostProcess\GaussianFilter">
            <UniqueIdentifier>{A9ED96EC-4200-4735-8F57-D2CE66C9EE96}</UniqueIdentifier>
        </Filter>
        <Filter Include="SEED\Source\Basic\PostProcess\Glitch">
            <UniqueIdentifier>{FCA54BB5-2945-499F-8BE6-27FBFC717945}</UniqueIdentifier>
        </Filter>
        <Filter Include="SEED\Source\Basic\PostProcess\GrayScale">
            <UniqueIdentifier>{6DE2B729-7E98-47BE-8DD2-124A52C3BB6F}</UniqueIdentifier>
        </Filter>
        <Filter Include="SEED\Source\Basic\PostProcess\RGBShift">
            <UniqueIdentifier>{E27F88C0-4430-476D-975C-0C6E3756B1C3}</UniqueIdentifier>
        </Filter>
        <Filter Include="SEED\Source\Basic\PostProcess\ScanLine">
            <UniqueIdentifier>{559B0D17-602E-463A-B776-13AD77D21AE3}</UniqueIdentifier>
        </Filter>
        <Filter Include="SEED\Source\Basic\PostProcess\Vignette">
            <UniqueIdentifier>{C4F03EFD-35F2-4745-9605-C91D1009F923}</UniqueIdentifier>
        </Filter>
        <Filter Include="SEED\Source\Manager\AudioManager\XAPO">
            <UniqueIdentifier>{322E54F1-09FE-437D-8C8A-34B5B0010DBC}</UniqueIdentifier>
        </Filter>
        <Filter Include="SEED\Source\Manager\DxManager\DescriptorHeap">
            <UniqueIdentifier>{C312EE87-9CB4-4660-BFB0-36C24C44A16F}</UniqueIdentifier>
        </Filter>
        <Filter Include="SEED\Source\Manager\DxManager\PSO">
            <UniqueIdentifier>{2D339C9B-F592-4BE8-915C-BDAB3974A92F}</UniqueIdentifier>
        </Filter>
        <Filter Include="SEED\Source\Manager\ParticleManager\CPUParticle">
            <UniqueIdentifier>{071FA1FD-9F63-43F5-A411-070E0C46D2CB}</UniqueIdentifier>
        </Filter>
        <Filter Include="SEED\Source\Manager\ParticleManager\GPUParticle">
            <UniqueIdentifier>{D446BE10-DAE2-4676-BEF5-FF0F37E72480}</UniqueIdentifier>
        </Filter>
        <Filter Include="SEED\Source\Manager\ParticleManager\CPUParticle\Emitter">
            <UniqueIdentifier>{FEACE3D4-1C85-4966-975D-82AEE4602975}</UniqueIdentifier>
        </Filter>
        <Filter Include="SEED\Source\Manager\ParticleManager\CPUParticle\Particle">
            <UniqueIdentifier>{EA84BC33-332A-4D61-9873-0D9AD3D12C3F}</UniqueIdentifier>
        </Filter>
    </ItemGroup>
    <ItemGroup>
        <ClCompile Include="Game\Objects\Effects\LivelyEffectsOwner.cpp">
            <Filter>Game\Objects\Effects</Filter>
        </ClCompile>
        <ClCompile Include="Game\Objects\Judgement\MouseVectorCircle.cpp">
            <Filter>Game\Objects\Judgement</Filter>
        </ClCompile>
        <ClCompile Include="Game\Objects\Tutorial\TutorialObjectManager.cpp">
            <Filter>Game\Objects\Tutorial</Filter>
        </ClCompile>
        <ClCompile Include="Game\Scene\Scene_Game\State\GameState_SelectMenu.cpp">
            <Filter>Game\Scene\Scene_Game\State</Filter>
        </ClCompile>
        <ClCompile Include="SEED\Lib\Functions\FileFunc.cpp">
            <Filter>SEED\Lib\Functions</Filter>
        </ClCompile>
        <ClCompile Include="SEED\Lib\Functions\Math.cpp">
            <Filter>SEED\Lib\Functions</Filter>
        </ClCompile>
        <ClCompile Include="SEED\Lib\Functions\MatrixMath.cpp">
            <Filter>SEED\Lib\Functions</Filter>
        </ClCompile>
        <ClCompile Include="SEED\Lib\Functions\RandomFunc.cpp">
            <Filter>SEED\Lib\Functions</Filter>
        </ClCompile>
        <ClCompile Include="SEED\Lib\Functions\SRTFunc.cpp">
            <Filter>SEED\Lib\Functions</Filter>
        </ClCompile>
        <ClCompile Include="SEED\Lib\Functions\StringFunc.cpp">
            <Filter>SEED\Lib\Functions</Filter>
        </ClCompile>
        <ClCompile Include="SEED\Lib\Structs\Color.cpp">
            <Filter>SEED\Lib\Structs</Filter>
        </ClCompile>
        <ClCompile Include="Game\Components\ResultUpdateComponent.cpp">
            <Filter>Game\Components</Filter>
        </ClCompile>
        <ClCompile Include="Game\Config\PlaySettings.cpp">
            <Filter>Game\Config</Filter>
        </ClCompile>
        <ClCompile Include="Game\Objects\Notes\Note_Warning.cpp">
            <Filter>Game\Objects\Notes</Filter>
        </ClCompile>
        <ClCompile Include="Game\Objects\Result\PlayResult.cpp">
            <Filter>Game\Objects\Result</Filter>
        </ClCompile>
        <ClCompile Include="SEED\Lib\Structs\Curve.cpp">
            <Filter>SEED\Lib\Structs</Filter>
        </ClCompile>
        <ClCompile Include="SEED\Source\Basic\Components\3D&amp;2D\AudioComponent.cpp">
            <Filter>SEED\Source\Basic\Components\3D&amp;2D</Filter>
        </ClCompile>
        <ClCompile Include="SEED\Source\Basic\Components\3D&amp;2D\ColorControlComponent.cpp">
            <Filter>SEED\Source\Basic\Components\3D&amp;2D</Filter>
        </ClCompile>
        <ClCompile Include="SEED\Source\Basic\Components\3D&amp;2D\ColorListComponent.cpp">
            <Filter>SEED\Source\Basic\Components\3D&amp;2D</Filter>
        </ClCompile>
        <ClCompile Include="SEED\Source\Basic\Components\3D&amp;2D\LifetimeComponent.cpp">
            <Filter>SEED\Source\Basic\Components\3D&amp;2D</Filter>
        </ClCompile>
        <ClCompile Include="SEED\Source\Basic\Components\Only2D\Component_EmitterGroup2D.cpp">
            <Filter>SEED\Source\Basic\Components\Only2D</Filter>
        </ClCompile>
        <ClCompile Include="SEED\Source\Basic\Components\Only2D\Routine2DComponent.cpp">
            <Filter>SEED\Source\Basic\Components\Only2D</Filter>
        </ClCompile>
        <ClCompile Include="SEED\Source\Basic\Components\Only3D\Component_EmitterGroup3D.cpp">
            <Filter>SEED\Source\Basic\Components\Only3D</Filter>
        </ClCompile>
        <ClCompile Include="SEED\Source\Basic\Components\Only3D\Routine3DComponent.cpp">
            <Filter>SEED\Source\Basic\Components\Only3D</Filter>
        </ClCompile>
        <ClCompile Include="SEED\Source\Basic\Dictionary\LayerDictionary.cpp">
            <Filter>SEED\Source\Basic\Dictionary</Filter>
        </ClCompile>
        <ClCompile Include="Game\GameSystem.cpp">
            <Filter>Game</Filter>
        </ClCompile>
        <ClCompile Include="Game\Manager\NotesEditor.cpp">
            <Filter>Game\Manager</Filter>
        </ClCompile>
        <ClCompile Include="Game\Manager\RhythmGameManager.cpp">
            <Filter>Game\Manager</Filter>
        </ClCompile>
        <ClCompile Include="Game\Manager\SongSelector.cpp">
            <Filter>Game\Manager</Filter>
        </ClCompile>
        <ClCompile Include="Game\Objects\Combo\ComboObject.cpp">
            <Filter>Game\Objects\Combo</Filter>
        </ClCompile>
        <ClCompile Include="Game\Objects\Judgement\AnswerLane.cpp">
            <Filter>Game\Objects\Judgement</Filter>
        </ClCompile>
        <ClCompile Include="Game\Objects\Judgement\Judgement.cpp">
            <Filter>Game\Objects\Judgement</Filter>
        </ClCompile>
        <ClCompile Include="Game\Objects\Judgement\PlayerInput.cpp">
            <Filter>Game\Objects\Judgement</Filter>
        </ClCompile>
        <ClCompile Include="Game\Objects\Judgement\PlayField.cpp">
            <Filter>Game\Objects\Judgement</Filter>
        </ClCompile>
        <ClCompile Include="Game\Objects\Notes\NotesData.cpp">
            <Filter>Game\Objects\Notes</Filter>
        </ClCompile>
        <ClCompile Include="Game\Objects\Notes\Note_Base.cpp">
            <Filter>Game\Objects\Notes</Filter>
        </ClCompile>
        <ClCompile Include="Game\Objects\Notes\Note_Hold.cpp">
            <Filter>Game\Objects\Notes</Filter>
        </ClCompile>
        <ClCompile Include="Game\Objects\Notes\Note_RectFlick.cpp">
            <Filter>Game\Objects\Notes</Filter>
        </ClCompile>
        <ClCompile Include="Game\Objects\Notes\Note_SideFlick.cpp">
            <Filter>Game\Objects\Notes</Filter>
        </ClCompile>
        <ClCompile Include="Game\Objects\Notes\Note_Tap.cpp">
            <Filter>Game\Objects\Notes</Filter>
        </ClCompile>
        <ClCompile Include="Game\Objects\Notes\Note_Wheel.cpp">
            <Filter>Game\Objects\Notes</Filter>
        </ClCompile>
        <ClCompile Include="Game\Objects\SongSelect\SelectBackGroundDrawer.cpp">
            <Filter>Game\Objects\SongSelect</Filter>
        </ClCompile>
        <ClCompile Include="Game\Objects\SongSelect\SongInfo.cpp">
            <Filter>Game\Objects\SongSelect</Filter>
        </ClCompile>
        <ClCompile Include="Game\Scene\Scene_Clear\Scene_Clear.cpp">
            <Filter>Game\Scene\Scene_Clear</Filter>
        </ClCompile>
        <ClCompile Include="Game\Scene\Scene_Game\Scene_Game.cpp">
            <Filter>Game\Scene\Scene_Game</Filter>
        </ClCompile>
        <ClCompile Include="Game\Scene\Scene_Game\State\GameState_Pause.cpp">
            <Filter>Game\Scene\Scene_Game\State</Filter>
        </ClCompile>
        <ClCompile Include="Game\Scene\Scene_Game\State\GameState_Play.cpp">
            <Filter>Game\Scene\Scene_Game\State</Filter>
        </ClCompile>
        <ClCompile Include="Game\Scene\Scene_Game\State\GameState_Select.cpp">
            <Filter>Game\Scene\Scene_Game\State</Filter>
        </ClCompile>
        <ClCompile Include="Game\Scene\Scene_Title\Scene_Title.cpp">
            <Filter>Game\Scene\Scene_Title</Filter>
        </ClCompile>
        <ClCompile Include="SEED\Lib\Structs\Timer.cpp">
            <Filter>SEED\Lib\Structs</Filter>
        </ClCompile>
        <ClCompile Include="SEED\Lib\Tensor\Matrix3x3.cpp">
            <Filter>SEED\Lib\Tensor</Filter>
        </ClCompile>
        <ClCompile Include="SEED\Source\Basic\Components\Only2D\UIComponent.cpp">
            <Filter>SEED\Source\Basic\Components\Only2D</Filter>
        </ClCompile>
        <ClCompile Include="SEED\Source\Manager\InputManager\RawInput.cpp">
            <Filter>SEED\Source\Manager\InputManager</Filter>
        </ClCompile>
        <ClCompile Include="SEED\Source\Manager\ParticleManager\CPUParticle\Emitter\Emitter2D.cpp">
            <Filter>SEED\Source\Manager\ParticleManager\CPUParticle\Emitter</Filter>
        </ClCompile>
        <ClCompile Include="SEED\Source\Manager\ParticleManager\CPUParticle\Emitter\EmitterGroup2D.cpp">
            <Filter>SEED\Source\Manager\ParticleManager\CPUParticle\Emitter</Filter>
        </ClCompile>
        <ClCompile Include="SEED\Source\Manager\ParticleManager\CPUParticle\Emitter\EmitterGroup3D.cpp">
            <Filter>SEED\Source\Manager\ParticleManager\CPUParticle\Emitter</Filter>
        </ClCompile>
        <ClCompile Include="SEED\Source\Manager\ParticleManager\CPUParticle\Emitter\EmitterGroupBase.cpp">
            <Filter>SEED\Source\Manager\ParticleManager\CPUParticle\Emitter</Filter>
        </ClCompile>
        <ClCompile Include="SEED\Source\Basic\SceneTransition\HexagonTransition.cpp">
            <Filter>SEED\Source\Basic\SceneTransition</Filter>
        </ClCompile>
        <ClCompile Include="SEED\Lib\Structs\VideoPlayer.cpp">
            <Filter>SEED\Lib\Structs</Filter>
        </ClCompile>
        <ClCompile Include="SEED\Source\Basic\Collision\2D\Collider2D.cpp">
            <Filter>SEED\Source\Basic\Collision\2D</Filter>
        </ClCompile>
        <ClCompile Include="SEED\Source\Basic\Collision\2D\Collider_AABB2D.cpp">
            <Filter>SEED\Source\Basic\Collision\2D</Filter>
        </ClCompile>
        <ClCompile Include="SEED\Source\Basic\Collision\2D\Collider_Circle.cpp">
            <Filter>SEED\Source\Basic\Collision\2D</Filter>
        </ClCompile>
        <ClCompile Include="SEED\Source\Basic\Collision\2D\Collider_Quad2D.cpp">
            <Filter>SEED\Source\Basic\Collision\2D</Filter>
        </ClCompile>
        <ClCompile Include="SEED\Source\Basic\Components\Only2D\Collision2DComponent.cpp">
            <Filter>SEED\Source\Basic\Components\Only2D</Filter>
        </ClCompile>
        <ClCompile Include="SEED\Source\Basic\Components\Only3D\Collision3DComponent.cpp">
            <Filter>SEED\Source\Basic\Components\Only3D</Filter>
        </ClCompile>
        <ClCompile Include="SEED\Source\Basic\Components\IComponent.cpp">
            <Filter>SEED\Source\Basic\Components</Filter>
        </ClCompile>
        <ClCompile Include="SEED\Source\Basic\Components\3D&amp;2D\JumpComponent.cpp">
            <Filter>SEED\Source\Basic\Components\3D&amp;2D</Filter>
        </ClCompile>
        <ClCompile Include="SEED\Source\Basic\Components\Only3D\Move3DComponent.cpp">
            <Filter>SEED\Source\Basic\Components\Only3D</Filter>
        </ClCompile>
        <ClCompile Include="SEED\Source\Basic\Components\Only3D\Gravity3DComponent.cpp">
            <Filter>SEED\Source\Basic\Components\Only3D</Filter>
        </ClCompile>
        <ClCompile Include="SEED\Source\Basic\Components\Only3D\SpotLightComponent.cpp">
            <Filter>SEED\Source\Basic\Components\Only3D</Filter>
        </ClCompile>
        <ClCompile Include="SEED\Source\Basic\Components\Only3D\ModelRenderComponent.cpp">
            <Filter>SEED\Source\Basic\Components\Only3D</Filter>
        </ClCompile>
        <ClCompile Include="SEED\Source\Basic\Components\3D&amp;2D\TextComponent.cpp">
            <Filter>SEED\Source\Basic\Components\3D&amp;2D</Filter>
        </ClCompile>
        <ClCompile Include="SEED\Source\Basic\Object\GameObject.cpp">
            <Filter>SEED\Source\Basic\Object</Filter>
        </ClCompile>
        <ClCompile Include="SEED\Source\Basic\Object\GameObject2D.cpp">
            <Filter>SEED\Source\Basic\Object</Filter>
        </ClCompile>
        <ClCompile Include="SEED\Source\Basic\PostProcess\Bloom\Bloom.cpp">
            <Filter>SEED\Source\Basic\PostProcess\Bloom</Filter>
        </ClCompile>
        <ClCompile Include="SEED\Source\Basic\PostProcess\DoF\DoF.cpp">
            <Filter>SEED\Source\Basic\PostProcess\DoF</Filter>
        </ClCompile>
        <ClCompile Include="SEED\Source\Basic\PostProcess\Fog\Fog.cpp">
            <Filter>SEED\Source\Basic\PostProcess\Fog</Filter>
        </ClCompile>
        <ClCompile Include="SEED\Source\Basic\PostProcess\GaussianFilter\GaussianFilter.cpp">
            <Filter>SEED\Source\Basic\PostProcess\GaussianFilter</Filter>
        </ClCompile>
        <ClCompile Include="SEED\Source\Basic\PostProcess\Glitch\Glitch.cpp">
            <Filter>SEED\Source\Basic\PostProcess\Glitch</Filter>
        </ClCompile>
        <ClCompile Include="SEED\Source\Basic\PostProcess\GrayScale\GrayScale.cpp">
            <Filter>SEED\Source\Basic\PostProcess\GrayScale</Filter>
        </ClCompile>
        <ClCompile Include="SEED\Source\Basic\PostProcess\IPostProcess.cpp">
            <Filter>SEED\Source\Basic\PostProcess</Filter>
        </ClCompile>
        <ClCompile Include="SEED\Source\Basic\PostProcess\RGBShift\RGBShift.cpp">
            <Filter>SEED\Source\Basic\PostProcess\RGBShift</Filter>
        </ClCompile>
        <ClCompile Include="SEED\Source\Basic\PostProcess\ScanLine\ScanLine.cpp">
            <Filter>SEED\Source\Basic\PostProcess\ScanLine</Filter>
        </ClCompile>
        <ClCompile Include="SEED\Source\Basic\PostProcess\Vignette\Vignette.cpp">
            <Filter>SEED\Source\Basic\PostProcess\Vignette</Filter>
        </ClCompile>
        <ClCompile Include="SEED\Source\Basic\SceneTransition\ISceneTransition.cpp">
            <Filter>SEED\Source\Basic\SceneTransition</Filter>
        </ClCompile>
        <ClCompile Include="SEED\Source\Basic\SceneTransition\BlockSlideTransition.cpp">
            <Filter>SEED\Source\Basic\SceneTransition</Filter>
        </ClCompile>
        <ClCompile Include="SEED\Lib\Shapes\Ring.cpp">
            <Filter>SEED\Lib\Shapes</Filter>
        </ClCompile>
        <ClCompile Include="SEED\Lib\Structs\BaseLight.cpp">
            <Filter>SEED\Lib\Structs</Filter>
        </ClCompile>
        <ClCompile Include="SEED\Lib\Structs\DirectionalLight.cpp">
            <Filter>SEED\Lib\Structs</Filter>
        </ClCompile>
        <ClCompile Include="SEED\Lib\Structs\PointLight.cpp">
            <Filter>SEED\Lib\Structs</Filter>
        </ClCompile>
        <ClCompile Include="SEED\Lib\Structs\SpotLight.cpp">
            <Filter>SEED\Lib\Structs</Filter>
        </ClCompile>
        <ClCompile Include="SEED\Lib\Structs\TextBox.cpp">
            <Filter>SEED\Lib\Structs</Filter>
        </ClCompile>
        <ClCompile Include="SEED\Lib\Structs\Transform.cpp">
            <Filter>SEED\Lib\Structs</Filter>
        </ClCompile>
        <ClCompile Include="SEED\Source\Basic\Scene\SceneRegister.cpp">
            <Filter>SEED\Source\Basic\Scene</Filter>
        </ClCompile>
        <ClCompile Include="SEED\Source\Basic\Dictionary\AudioDictionary.cpp">
            <Filter>SEED\Source\Basic\Dictionary</Filter>
        </ClCompile>
        <ClCompile Include="SEED\Source\Editor\CurveEditor\CurveEditor.cpp">
            <Filter>SEED\Source\Editor\CurveEditor</Filter>
        </ClCompile>
        <ClCompile Include="SEED\Source\Manager\CollisionManager\ColliderEditor.cpp">
            <Filter>SEED\Source\Manager\CollisionManager</Filter>
        </ClCompile>
        <ClCompile Include="SEED\Source\Manager\CollisionManager\ColliderEditor2D.cpp">
            <Filter>SEED\Source\Manager\CollisionManager</Filter>
        </ClCompile>
        <ClCompile Include="SEED\Source\Manager\CollisionManager\Collision.cpp">
            <Filter>SEED\Source\Manager\CollisionManager</Filter>
        </ClCompile>
        <ClCompile Include="SEED\Source\Manager\CollisionManager\CollisionManager.cpp">
            <Filter>SEED\Source\Manager\CollisionManager</Filter>
        </ClCompile>
        <ClCompile Include="SEED\Source\Manager\DxManager\DescriptorHeap\DescriptorHeap.cpp">
            <Filter>SEED\Source\Manager\DxManager\DescriptorHeap</Filter>
        </ClCompile>
        <ClCompile Include="SEED\Source\Manager\DxManager\DescriptorHeap\DescriptorHeap_DSV.cpp">
            <Filter>SEED\Source\Manager\DxManager\DescriptorHeap</Filter>
        </ClCompile>
        <ClCompile Include="SEED\Source\Manager\DxManager\DescriptorHeap\DescriptorHeap_RTV.cpp">
            <Filter>SEED\Source\Manager\DxManager\DescriptorHeap</Filter>
        </ClCompile>
        <ClCompile Include="SEED\Source\Manager\DxManager\DescriptorHeap\DescriptorHeap_SRV_CBV_UAV.cpp">
            <Filter>SEED\Source\Manager\DxManager\DescriptorHeap</Filter>
        </ClCompile>
        <ClCompile Include="SEED\Source\Basic\Scene\Scene_Base.cpp">
            <Filter>SEED\Source\Basic\Scene</Filter>
        </ClCompile>
        <ClCompile Include="SEED\Source\Basic\Scene\SceneState_Base.cpp">
            <Filter>SEED\Source\Basic\Scene</Filter>
        </ClCompile>
        <ClCompile Include="SEED\Lib\Shapes\OBB.cpp">
            <Filter>SEED\Lib\Shapes</Filter>
        </ClCompile>
        <ClCompile Include="SEED\Lib\Structs\ModelAnimation.cpp">
            <Filter>SEED\Lib\Structs</Filter>
        </ClCompile>
        <ClCompile Include="main.cpp"/>
        <ClCompile Include="SEED\Lib\Functions\DxFunc.cpp">
            <Filter>SEED\Lib\Functions</Filter>
        </ClCompile>
        <ClCompile Include="SEED\Lib\Functions\Easing.cpp">
            <Filter>SEED\Lib\Functions</Filter>
        </ClCompile>
        <ClCompile Include="SEED\Lib\Functions\ShapeMath.cpp">
            <Filter>SEED\Lib\Functions</Filter>
        </ClCompile>
        <ClCompile Include="SEED\Lib\Shapes\Quad.cpp">
            <Filter>SEED\Lib\Shapes</Filter>
        </ClCompile>
        <ClCompile Include="SEED\Lib\Shapes\Triangle.cpp">
            <Filter>SEED\Lib\Shapes</Filter>
        </ClCompile>
        <ClCompile Include="SEED\Lib\Structs\AccelerarionField.cpp">
            <Filter>SEED\Lib\Structs</Filter>
        </ClCompile>
        <ClCompile Include="SEED\Lib\Structs\Model.cpp">
            <Filter>SEED\Lib\Structs</Filter>
        </ClCompile>
        <ClCompile Include="SEED\Lib\Structs\Sprite.cpp">
            <Filter>SEED\Lib\Structs</Filter>
        </ClCompile>
        <ClCompile Include="SEED\Lib\Tensor\Quaternion.cpp">
            <Filter>SEED\Lib\Tensor</Filter>
        </ClCompile>
        <ClCompile Include="SEED\Lib\Tensor\Vector2.cpp">
            <Filter>SEED\Lib\Tensor</Filter>
        </ClCompile>
        <ClCompile Include="SEED\Lib\Tensor\Vector3.cpp">
            <Filter>SEED\Lib\Tensor</Filter>
        </ClCompile>
        <ClCompile Include="SEED\Lib\Tensor\Vector4.cpp">
            <Filter>SEED\Lib\Tensor</Filter>
        </ClCompile>
        <ClCompile Include="SEED\Source\Manager\AudioManager\AudioManager.cpp">
            <Filter>SEED\Source\Manager\AudioManager</Filter>
        </ClCompile>
        <ClCompile Include="SEED\Source\Manager\AudioManager\XAPO\XAPO_Pitch.cpp">
            <Filter>SEED\Source\Manager\AudioManager\XAPO</Filter>
        </ClCompile>
        <ClCompile Include="SEED\Source\Manager\CameraManager\CameraManager.cpp">
            <Filter>SEED\Source\Manager\CameraManager</Filter>
        </ClCompile>
        <ClCompile Include="SEED\Source\Manager\ClockManager\ClockManager.cpp">
            <Filter>SEED\Source\Manager\ClockManager</Filter>
        </ClCompile>
        <ClCompile Include="SEED\Source\Manager\DxManager\DxManager.cpp">
            <Filter>SEED\Source\Manager\DxManager</Filter>
        </ClCompile>
        <ClCompile Include="SEED\Source\Manager\DxManager\DxResource.cpp">
            <Filter>SEED\Source\Manager\DxManager</Filter>
        </ClCompile>
        <ClCompile Include="SEED\Source\Manager\ImGuiManager\ImGuiEx.cpp">
            <Filter>SEED\Source\Manager\ImGuiManager</Filter>
        </ClCompile>
        <ClCompile Include="SEED\Source\Manager\ParticleManager\CPUParticle\Particle\Particle2D.cpp">
            <Filter>SEED\Source\Manager\ParticleManager\CPUParticle\Particle</Filter>
        </ClCompile>
        <ClCompile Include="SEED\Source\Manager\PostEffectSystem\PostEffectSystem.cpp">
            <Filter>SEED\Source\Manager\PostEffectSystem</Filter>
        </ClCompile>
        <ClCompile Include="SEED\Source\Manager\DxManager\PolygonManager.cpp">
            <Filter>SEED\Source\Manager\DxManager</Filter>
        </ClCompile>
        <ClCompile Include="SEED\Source\Manager\PostEffectSystem\PostEffectContext.cpp">
            <Filter>SEED\Source\Manager\PostEffectSystem</Filter>
        </ClCompile>
        <ClCompile Include="SEED\Source\Manager\DxManager\PSO\MSPipeline.cpp">
            <Filter>SEED\Source\Manager\DxManager\PSO</Filter>
        </ClCompile>
        <ClCompile Include="SEED\Source\Manager\DxManager\PSO\Pipeline.cpp">
            <Filter>SEED\Source\Manager\DxManager\PSO</Filter>
        </ClCompile>
        <ClCompile Include="SEED\Source\Manager\DxManager\PSO\PSOManager.cpp">
            <Filter>SEED\Source\Manager\DxManager\PSO</Filter>
        </ClCompile>
        <ClCompile Include="SEED\Source\Manager\DxManager\PSO\RootSignature.cpp">
            <Filter>SEED\Source\Manager\DxManager\PSO</Filter>
        </ClCompile>
        <ClCompile Include="SEED\Source\Manager\DxManager\ShaderDictionary.cpp">
            <Filter>SEED\Source\Manager\DxManager</Filter>
        </ClCompile>
        <ClCompile Include="SEED\Source\Manager\DxManager\ViewManager.cpp">
            <Filter>SEED\Source\Manager\DxManager</Filter>
        </ClCompile>
        <ClCompile Include="SEED\Source\Manager\ParticleManager\CPUParticle\ParticleManager.cpp">
            <Filter>SEED\Source\Manager\ParticleManager\CPUParticle</Filter>
        </ClCompile>
        <ClCompile Include="SEED\Source\Manager\ParticleManager\GPUParticle\GPUParticleSystem.cpp">
            <Filter>SEED\Source\Manager\ParticleManager\GPUParticle</Filter>
        </ClCompile>
        <ClCompile Include="SEED\Source\Manager\Hierarchy\Hierarchy.cpp">
            <Filter>SEED\Source\Manager\Hierarchy</Filter>
        </ClCompile>
        <ClCompile Include="SEED\Source\Manager\ImGuiManager\ImGuiManager.cpp">
            <Filter>SEED\Source\Manager\ImGuiManager</Filter>
        </ClCompile>
        <ClCompile Include="SEED\Source\Manager\InputManager\InputManager.cpp">
            <Filter>SEED\Source\Manager\InputManager</Filter>
        </ClCompile>
        <ClCompile Include="SEED\Source\Manager\ModelManager\ModelManager.cpp">
            <Filter>SEED\Source\Manager\ModelManager</Filter>
        </ClCompile>
        <ClCompile Include="SEED\Source\Manager\RuntimeScriptSystem\RuntimeScriptSystem.cpp">
            <Filter>SEED\Source\Manager\RuntimeScriptSystem</Filter>
        </ClCompile>
        <ClCompile Include="SEED\Source\Manager\SceneManager\SceneManager.cpp">
            <Filter>SEED\Source\Manager\SceneManager</Filter>
        </ClCompile>
        <ClCompile Include="SEED\Source\Manager\SceneTransitionDrawer\SceneTransitionDrawer.cpp">
            <Filter>SEED\Source\Manager\SceneTransitionDrawer</Filter>
        </ClCompile>
        <ClCompile Include="SEED\Source\Manager\TextSystem\TextSystem.cpp">
            <Filter>SEED\Source\Manager\TextSystem</Filter>
        </ClCompile>
        <ClCompile Include="SEED\Source\Manager\TextureManager\TextureManager.cpp">
            <Filter>SEED\Source\Manager\TextureManager</Filter>
        </ClCompile>
        <ClCompile Include="SEED\Source\Manager\VideoManager\VideoManager.cpp">
            <Filter>SEED\Source\Manager\VideoManager</Filter>
        </ClCompile>
        <ClCompile Include="SEED\Source\Manager\WindowManager\WindowInfo.cpp">
            <Filter>SEED\Source\Manager\WindowManager</Filter>
        </ClCompile>
        <ClCompile Include="SEED\Source\Manager\WindowManager\WindowManager.cpp">
            <Filter>SEED\Source\Manager\WindowManager</Filter>
        </ClCompile>
        <ClCompile Include="SEED\Source\Basic\Camera\BaseCamera.cpp">
            <Filter>SEED\Source\Basic\Camera</Filter>
        </ClCompile>
        <ClCompile Include="SEED\Source\Basic\Camera\DebugCamera.cpp">
            <Filter>SEED\Source\Basic\Camera</Filter>
        </ClCompile>
        <ClCompile Include="SEED\Source\Basic\Camera\FollowCamera.cpp">
            <Filter>SEED\Source\Basic\Camera</Filter>
        </ClCompile>
        <ClCompile Include="SEED\Source\Basic\Collision\3D\Collider.cpp">
            <Filter>SEED\Source\Basic\Collision\3D</Filter>
        </ClCompile>
        <ClCompile Include="SEED\Source\Basic\Collision\ColliderAnimationData.cpp">
            <Filter>SEED\Source\Basic\Collision</Filter>
        </ClCompile>
        <ClCompile Include="SEED\Source\Basic\Collision\3D\Collider_AABB.cpp">
            <Filter>SEED\Source\Basic\Collision\3D</Filter>
        </ClCompile>
        <ClCompile Include="SEED\Source\Basic\Collision\3D\Collider_Capsule.cpp">
            <Filter>SEED\Source\Basic\Collision\3D</Filter>
        </ClCompile>
        <ClCompile Include="SEED\Source\Basic\Collision\3D\Collider_Line.cpp">
            <Filter>SEED\Source\Basic\Collision\3D</Filter>
        </ClCompile>
        <ClCompile Include="SEED\Source\Basic\Collision\3D\Collider_OBB.cpp">
            <Filter>SEED\Source\Basic\Collision\3D</Filter>
        </ClCompile>
        <ClCompile Include="SEED\Source\Basic\Collision\3D\Collider_Plane.cpp">
            <Filter>SEED\Source\Basic\Collision\3D</Filter>
        </ClCompile>
        <ClCompile Include="SEED\Source\Basic\Collision\3D\Collider_Sphere.cpp">
            <Filter>SEED\Source\Basic\Collision\3D</Filter>
        </ClCompile>
        <ClCompile Include="SEED\Source\Basic\Collision\Octree.cpp">
            <Filter>SEED\Source\Basic\Collision</Filter>
        </ClCompile>
        <ClCompile Include="SEED\Source\Manager\ParticleManager\CPUParticle\Particle\Particle3D.cpp">
            <Filter>SEED\Source\Manager\ParticleManager\CPUParticle\Particle</Filter>
        </ClCompile>
        <ClCompile Include="SEED\Source\Manager\ParticleManager\CPUParticle\Emitter\EmitterBase.cpp">
            <Filter>SEED\Source\Manager\ParticleManager\CPUParticle\Emitter</Filter>
        </ClCompile>
        <ClCompile Include="SEED\Source\Manager\ParticleManager\CPUParticle\Emitter\Emitter3D.cpp">
            <Filter>SEED\Source\Manager\ParticleManager\CPUParticle\Emitter</Filter>
        </ClCompile>
        <ClCompile Include="SEED\Source\SEED.cpp">
            <Filter>SEED\Source</Filter>
        </ClCompile>
        <ClInclude Include="Game\Objects\Effects\LivelyEffectsOwner.h">
            <Filter>Game\Objects\Effects</Filter>
        </ClInclude>
        <ClInclude Include="Game\Objects\Judgement\MouseVectorCircle.h">
            <Filter>Game\Objects\Judgement</Filter>
        </ClInclude>
        <ClInclude Include="Game\Objects\SongSelect\SongSelectUtils.h">
            <Filter>Game\Objects\SongSelect</Filter>
        </ClInclude>
        <ClInclude Include="Game\Objects\Tutorial\TutorialObjectManager.h">
            <Filter>Game\Objects\Tutorial</Filter>
        </ClInclude>
        <ClInclude Include="Game\Scene\Scene_Game\State\GameState_SelectMenu.h">
            <Filter>Game\Scene\Scene_Game\State</Filter>
        </ClInclude>
        <ClInclude Include="SEED\Lib\enums\ColorMode.h">
            <Filter>SEED\Lib\enums</Filter>
        </ClInclude>
        <ClInclude Include="SEED\Lib\Functions\FileFunc.h">
            <Filter>SEED\Lib\Functions</Filter>
        </ClInclude>
        <ClInclude Include="SEED\Lib\Functions\Math.h">
            <Filter>SEED\Lib\Functions</Filter>
        </ClInclude>
        <ClInclude Include="SEED\Lib\Functions\MatrixMath.h">
            <Filter>SEED\Lib\Functions</Filter>
        </ClInclude>
        <ClInclude Include="SEED\Lib\Functions\RandomFunc.h">
            <Filter>SEED\Lib\Functions</Filter>
        </ClInclude>
        <ClInclude Include="SEED\Lib\Functions\SRTFunc.h">
            <Filter>SEED\Lib\Functions</Filter>
        </ClInclude>
        <ClInclude Include="SEED\Lib\Functions\StringFunc.h">
            <Filter>SEED\Lib\Functions</Filter>
        </ClInclude>
        <ClInclude Include="SEED\Lib\Structs\Color.h">
            <Filter>SEED\Lib\Structs</Filter>
        </ClInclude>
        <ClInclude Include="Game\Components\ResultUpdateComponent.h">
            <Filter>Game\Components</Filter>
        </ClInclude>
        <ClInclude Include="Game\Config\PlaySettings.h">
            <Filter>Game\Config</Filter>
        </ClInclude>
        <ClInclude Include="Game\Objects\Notes\Note_Warning.h">
            <Filter>Game\Objects\Notes</Filter>
        </ClInclude>
        <ClInclude Include="SEED\Lib\enums\InterpolateType.h">
            <Filter>SEED\Lib\enums</Filter>
        </ClInclude>
        <ClInclude Include="SEED\Lib\Structs\Curve.h">
            <Filter>SEED\Lib\Structs</Filter>
        </ClInclude>
        <ClInclude Include="SEED\Source\Basic\Components\3D&amp;2D\AudioComponent.h">
            <Filter>SEED\Source\Basic\Components\3D&amp;2D</Filter>
        </ClInclude>
        <ClInclude Include="SEED\Source\Basic\Components\3D&amp;2D\ColorControlComponent.h">
            <Filter>SEED\Source\Basic\Components\3D&amp;2D</Filter>
        </ClInclude>
        <ClInclude Include="SEED\Source\Basic\Components\3D&amp;2D\ColorListComponent.h">
            <Filter>SEED\Source\Basic\Components\3D&amp;2D</Filter>
        </ClInclude>
        <ClInclude Include="SEED\Source\Basic\Components\3D&amp;2D\LifetimeComponent.h">
            <Filter>SEED\Source\Basic\Components\3D&amp;2D</Filter>
        </ClInclude>
        <ClInclude Include="SEED\Source\Basic\Components\ComponentRegister.h">
            <Filter>SEED\Source\Basic\Components</Filter>
        </ClInclude>
        <ClInclude Include="SEED\Source\Basic\Components\Only2D\Component_EmitterGroup2D.h">
            <Filter>SEED\Source\Basic\Components\Only2D</Filter>
        </ClInclude>
        <ClInclude Include="SEED\Source\Basic\Components\Only2D\Routine2DComponent.h">
            <Filter>SEED\Source\Basic\Components\Only2D</Filter>
        </ClInclude>
        <ClInclude Include="SEED\Source\Basic\Components\Only3D\Component_EmitterGroup3D.h">
            <Filter>SEED\Source\Basic\Components\Only3D</Filter>
        </ClInclude>
        <ClInclude Include="SEED\Source\Basic\Components\Only3D\Routine3DComponent.h">
            <Filter>SEED\Source\Basic\Components\Only3D</Filter>
        </ClInclude>
        <ClInclude Include="SEED\Source\Basic\Dictionary\LayerDictionary.h">
            <Filter>SEED\Source\Basic\Dictionary</Filter>
        </ClInclude>
        <ClInclude Include="Game\GameSystem.h">
            <Filter>Game</Filter>
        </ClInclude>
        <ClInclude Include="Game\Manager\NotesEditor.h">
            <Filter>Game\Manager</Filter>
        </ClInclude>
        <ClInclude Include="Game\Manager\RhythmGameManager.h">
            <Filter>Game\Manager</Filter>
        </ClInclude>
        <ClInclude Include="Game\Manager\SongSelector.h">
            <Filter>Game\Manager</Filter>
        </ClInclude>
        <ClInclude Include="Game\Objects\Combo\ComboObject.h">
            <Filter>Game\Objects\Combo</Filter>
        </ClInclude>
        <ClInclude Include="Game\Objects\Judgement\AnswerLane.h">
            <Filter>Game\Objects\Judgement</Filter>
        </ClInclude>
        <ClInclude Include="Game\Objects\Judgement\Judgement.h">
            <Filter>Game\Objects\Judgement</Filter>
        </ClInclude>
        <ClInclude Include="Game\Objects\Judgement\LaneBit.h">
            <Filter>Game\Objects\Judgement</Filter>
        </ClInclude>
        <ClInclude Include="Game\Objects\Judgement\PlayerInput.h">
            <Filter>Game\Objects\Judgement</Filter>
        </ClInclude>
        <ClInclude Include="Game\Objects\Judgement\PlayField.h">
            <Filter>Game\Objects\Judgement</Filter>
        </ClInclude>
        <ClInclude Include="Game\Objects\Notes\NotesData.h">
            <Filter>Game\Objects\Notes</Filter>
        </ClInclude>
        <ClInclude Include="Game\Objects\Notes\Note_Base.h">
            <Filter>Game\Objects\Notes</Filter>
        </ClInclude>
        <ClInclude Include="Game\Objects\Notes\Note_Hold.h">
            <Filter>Game\Objects\Notes</Filter>
        </ClInclude>
        <ClInclude Include="Game\Objects\Notes\Note_RectFlick.h">
            <Filter>Game\Objects\Notes</Filter>
        </ClInclude>
        <ClInclude Include="Game\Objects\Notes\Note_SideFlick.h">
            <Filter>Game\Objects\Notes</Filter>
        </ClInclude>
        <ClInclude Include="Game\Objects\Notes\Note_Tap.h">
            <Filter>Game\Objects\Notes</Filter>
        </ClInclude>
        <ClInclude Include="Game\Objects\Notes\Note_Wheel.h">
            <Filter>Game\Objects\Notes</Filter>
        </ClInclude>
        <ClInclude Include="Game\Objects\Result\PlayResult.h">
            <Filter>Game\Objects\Result</Filter>
        </ClInclude>
        <ClInclude Include="Game\Objects\SongSelect\SelectBackGroundDrawer.h">
            <Filter>Game\Objects\SongSelect</Filter>
        </ClInclude>
        <ClInclude Include="Game\Objects\SongSelect\SongInfo.h">
            <Filter>Game\Objects\SongSelect</Filter>
        </ClInclude>
        <ClInclude Include="Game\Scene\Scene_Clear\Scene_Clear.h">
            <Filter>Game\Scene\Scene_Clear</Filter>
        </ClInclude>
        <ClInclude Include="Game\Scene\Scene_Game\Scene_Game.h">
            <Filter>Game\Scene\Scene_Game</Filter>
        </ClInclude>
        <ClInclude Include="Game\Scene\Scene_Game\State\GameState_Pause.h">
            <Filter>Game\Scene\Scene_Game\State</Filter>
        </ClInclude>
        <ClInclude Include="Game\Scene\Scene_Game\State\GameState_Play.h">
            <Filter>Game\Scene\Scene_Game\State</Filter>
        </ClInclude>
        <ClInclude Include="Game\Scene\Scene_Game\State\GameState_Select.h">
            <Filter>Game\Scene\Scene_Game\State</Filter>
        </ClInclude>
        <ClInclude Include="Game\Scene\Scene_Title\Scene_Title.h">
            <Filter>Game\Scene\Scene_Title</Filter>
        </ClInclude>
        <ClInclude Include="SEED\Source\Basic\Components\Only2D\UIComponent.h">
            <Filter>SEED\Source\Basic\Components\Only2D</Filter>
        </ClInclude>
        <ClInclude Include="SEED\Source\Manager\InputManager\RawInput.h">
            <Filter>SEED\Source\Manager\InputManager</Filter>
        </ClInclude>
        <ClInclude Include="SEED\Source\Manager\ParticleManager\CPUParticle\Emitter\Emitter2D.h">
            <Filter>SEED\Source\Manager\ParticleManager\CPUParticle\Emitter</Filter>
        </ClInclude>
        <ClInclude Include="SEED\Source\Manager\ParticleManager\CPUParticle\Emitter\EmitterContext.h">
            <Filter>SEED\Source\Manager\ParticleManager\CPUParticle\Emitter</Filter>
        </ClInclude>
        <ClInclude Include="SEED\Source\Manager\ParticleManager\CPUParticle\Emitter\EmitterGroup2D.h">
            <Filter>SEED\Source\Manager\ParticleManager\CPUParticle\Emitter</Filter>
        </ClInclude>
        <ClInclude Include="SEED\Source\Manager\ParticleManager\CPUParticle\Emitter\EmitterGroup3D.h">
            <Filter>SEED\Source\Manager\ParticleManager\CPUParticle\Emitter</Filter>
        </ClInclude>
        <ClInclude Include="SEED\Source\Manager\ParticleManager\CPUParticle\Emitter\EmitterGroupBase.h">
            <Filter>SEED\Source\Manager\ParticleManager\CPUParticle\Emitter</Filter>
        </ClInclude>
        <ClInclude Include="SEED\Source\Basic\SceneTransition\HexagonTransition.h">
            <Filter>SEED\Source\Basic\SceneTransition</Filter>
        </ClInclude>
        <ClInclude Include="SEED\Lib\Shapes\Circle.h">
            <Filter>SEED\Lib\Shapes</Filter>
        </ClInclude>
        <ClInclude Include="SEED\Lib\Structs\Timer.h">
            <Filter>SEED\Lib\Structs</Filter>
        </ClInclude>
        <ClInclude Include="SEED\Lib\Structs\VideoPlayer.h">
            <Filter>SEED\Lib\Structs</Filter>
        </ClInclude>
        <ClInclude Include="SEED\Source\Basic\Collision\2D\Collider2D.h">
            <Filter>SEED\Source\Basic\Collision\2D</Filter>
        </ClInclude>
        <ClInclude Include="SEED\Source\Basic\Collision\2D\Collider_AABB2D.h">
            <Filter>SEED\Source\Basic\Collision\2D</Filter>
        </ClInclude>
        <ClInclude Include="SEED\Source\Basic\Collision\2D\Collider_Circle.h">
            <Filter>SEED\Source\Basic\Collision\2D</Filter>
        </ClInclude>
        <ClInclude Include="SEED\Source\Basic\Collision\2D\Collider_Quad2D.h">
            <Filter>SEED\Source\Basic\Collision\2D</Filter>
        </ClInclude>
        <ClInclude Include="SEED\Source\Basic\Components\Only2D\Collision2DComponent.h">
            <Filter>SEED\Source\Basic\Components\Only2D</Filter>
        </ClInclude>
        <ClInclude Include="SEED\Source\Basic\Components\Only3D\Collision3DComponent.h">
            <Filter>SEED\Source\Basic\Components\Only3D</Filter>
        </ClInclude>
        <ClInclude Include="SEED\Source\Basic\Components\ComponentDictionary.h">
            <Filter>SEED\Source\Basic\Components</Filter>
        </ClInclude>
        <ClInclude Include="SEED\Source\Basic\Components\3D&amp;2D\JumpComponent.h">
            <Filter>SEED\Source\Basic\Components\3D&amp;2D</Filter>
        </ClInclude>
        <ClInclude Include="SEED\Source\Basic\Components\Only3D\Move3DComponent.h">
            <Filter>SEED\Source\Basic\Components\Only3D</Filter>
        </ClInclude>
        <ClInclude Include="SEED\Source\Basic\Components\Only3D\Gravity3DComponent.h">
            <Filter>SEED\Source\Basic\Components\Only3D</Filter>
        </ClInclude>
        <ClInclude Include="SEED\Source\Basic\Components\Only3D\SpotLightComponent.h">
            <Filter>SEED\Source\Basic\Components\Only3D</Filter>
        </ClInclude>
        <ClInclude Include="SEED\Source\Basic\Components\Only3D\ModelRenderComponent.h">
            <Filter>SEED\Source\Basic\Components\Only3D</Filter>
        </ClInclude>
        <ClInclude Include="SEED\Source\Basic\Components\IComponent.h">
            <Filter>SEED\Source\Basic\Components</Filter>
        </ClInclude>
        <ClInclude Include="SEED\Source\Basic\Components\3D&amp;2D\TextComponent.h">
            <Filter>SEED\Source\Basic\Components\3D&amp;2D</Filter>
        </ClInclude>
        <ClInclude Include="SEED\Source\Basic\Object\GameObject.h">
            <Filter>SEED\Source\Basic\Object</Filter>
        </ClInclude>
        <ClInclude Include="SEED\Source\Basic\Object\GameObject2D.h">
            <Filter>SEED\Source\Basic\Object</Filter>
        </ClInclude>
        <ClInclude Include="SEED\Source\Basic\PostProcess\Bloom\Bloom.h">
            <Filter>SEED\Source\Basic\PostProcess\Bloom</Filter>
        </ClInclude>
        <ClInclude Include="SEED\Source\Basic\PostProcess\DoF\DoF.h">
            <Filter>SEED\Source\Basic\PostProcess\DoF</Filter>
        </ClInclude>
        <ClInclude Include="SEED\Source\Basic\PostProcess\Fog\Fog.h">
            <Filter>SEED\Source\Basic\PostProcess\Fog</Filter>
        </ClInclude>
        <ClInclude Include="SEED\Source\Basic\PostProcess\Fog\FogParam.h">
            <Filter>SEED\Source\Basic\PostProcess\Fog</Filter>
        </ClInclude>
        <ClInclude Include="SEED\Source\Basic\PostProcess\GaussianFilter\BlurParam.h">
            <Filter>SEED\Source\Basic\PostProcess\GaussianFilter</Filter>
        </ClInclude>
        <ClInclude Include="SEED\Source\Basic\PostProcess\GaussianFilter\GaussianFilter.h">
            <Filter>SEED\Source\Basic\PostProcess\GaussianFilter</Filter>
        </ClInclude>
        <ClInclude Include="SEED\Source\Basic\PostProcess\Glitch\Glitch.h">
            <Filter>SEED\Source\Basic\PostProcess\Glitch</Filter>
        </ClInclude>
        <ClInclude Include="SEED\Source\Basic\PostProcess\GrayScale\GrayScale.h">
            <Filter>SEED\Source\Basic\PostProcess\GrayScale</Filter>
        </ClInclude>
        <ClInclude Include="SEED\Source\Basic\PostProcess\IPostProcess.h">
            <Filter>SEED\Source\Basic\PostProcess</Filter>
        </ClInclude>
        <ClInclude Include="SEED\Source\Basic\PostProcess\RGBShift\RGBShift.h">
            <Filter>SEED\Source\Basic\PostProcess\RGBShift</Filter>
        </ClInclude>
        <ClInclude Include="SEED\Source\Basic\PostProcess\ScanLine\ScanLine.h">
            <Filter>SEED\Source\Basic\PostProcess\ScanLine</Filter>
        </ClInclude>
        <ClInclude Include="SEED\Source\Basic\PostProcess\Vignette\Vignette.h">
            <Filter>SEED\Source\Basic\PostProcess\Vignette</Filter>
        </ClInclude>
        <ClInclude Include="SEED\Source\Basic\SceneTransition\ISceneTransition.h">
            <Filter>SEED\Source\Basic\SceneTransition</Filter>
        </ClInclude>
        <ClInclude Include="SEED\Source\Basic\SceneTransition\BlockSlideTransition.h">
            <Filter>SEED\Source\Basic\SceneTransition</Filter>
        </ClInclude>
        <ClInclude Include="SEED\External\stb\stb_truetype.h">
            <Filter>SEED\External\stb</Filter>
        </ClInclude>
        <ClInclude Include="SEED\Lib\Shapes\Cylinder.h">
            <Filter>SEED\Lib\Shapes</Filter>
        </ClInclude>
        <ClInclude Include="SEED\Lib\Shapes\Ring.h">
            <Filter>SEED\Lib\Shapes</Filter>
        </ClInclude>
        <ClInclude Include="SEED\Lib\Structs\BaseLight.h">
            <Filter>SEED\Lib\Structs</Filter>
        </ClInclude>
        <ClInclude Include="SEED\Lib\Structs\CameraForGPU.h">
            <Filter>SEED\Lib\Structs</Filter>
        </ClInclude>
        <ClInclude Include="SEED\Lib\Structs\PointLight.h">
            <Filter>SEED\Lib\Structs</Filter>
        </ClInclude>
        <ClInclude Include="SEED\Lib\Structs\SkyBox.h">
            <Filter>SEED\Lib\Structs</Filter>
        </ClInclude>
        <ClInclude Include="SEED\Lib\Structs\SpotLight.h">
            <Filter>SEED\Lib\Structs</Filter>
        </ClInclude>
        <ClInclude Include="SEED\Lib\Structs\TextBox.h">
            <Filter>SEED\Lib\Structs</Filter>
        </ClInclude>
        <ClInclude Include="SEED\Source\Basic\Scene\SceneRegister.h">
            <Filter>SEED\Source\Basic\Scene</Filter>
        </ClInclude>
        <ClInclude Include="SEED\Source\Basic\Dictionary\AudioDictionary.h">
            <Filter>SEED\Source\Basic\Dictionary</Filter>
        </ClInclude>
        <ClInclude Include="SEED\Source\Editor\CurveEditor\CurveEditor.h">
            <Filter>SEED\Source\Editor\CurveEditor</Filter>
        </ClInclude>
        <ClInclude Include="SEED\Source\Editor\CurveEditor\CurveEditorContexts.h">
            <Filter>SEED\Source\Editor\CurveEditor</Filter>
        </ClInclude>
        <ClInclude Include="SEED\Source\Editor\EditorColorSettings.h">
            <Filter>SEED\Source\Editor</Filter>
        </ClInclude>
        <ClInclude Include="SEED\Source\Manager\CollisionManager\ColliderEditor.h">
            <Filter>SEED\Source\Manager\CollisionManager</Filter>
        </ClInclude>
        <ClInclude Include="SEED\Source\Manager\CollisionManager\ColliderEditor2D.h">
            <Filter>SEED\Source\Manager\CollisionManager</Filter>
        </ClInclude>
        <ClInclude Include="SEED\Source\Manager\CollisionManager\Collision.h">
            <Filter>SEED\Source\Manager\CollisionManager</Filter>
        </ClInclude>
        <ClInclude Include="SEED\Source\Manager\CollisionManager\CollisionData.h">
            <Filter>SEED\Source\Manager\CollisionManager</Filter>
        </ClInclude>
        <ClInclude Include="SEED\Source\Manager\CollisionManager\CollisionManager.h">
            <Filter>SEED\Source\Manager\CollisionManager</Filter>
        </ClInclude>
        <ClInclude Include="SEED\Source\Manager\DxManager\DescriptorHeap\DescriptorHeap.h">
            <Filter>SEED\Source\Manager\DxManager\DescriptorHeap</Filter>
        </ClInclude>
        <ClInclude Include="SEED\Source\Manager\DxManager\DescriptorHeap\DescriptorHeap_DSV.h">
            <Filter>SEED\Source\Manager\DxManager\DescriptorHeap</Filter>
        </ClInclude>
        <ClInclude Include="SEED\Source\Manager\DxManager\DescriptorHeap\DescriptorHeap_RTV.h">
            <Filter>SEED\Source\Manager\DxManager\DescriptorHeap</Filter>
        </ClInclude>
        <ClInclude Include="SEED\Source\Manager\DxManager\DescriptorHeap\DescriptorHeap_SRV_CBV_UAV.h">
            <Filter>SEED\Source\Manager\DxManager\DescriptorHeap</Filter>
        </ClInclude>
        <ClInclude Include="Environment\Environment.h">
            <Filter>Environment</Filter>
        </ClInclude>
        <ClInclude Include="Environment\Physics.h">
            <Filter>Environment</Filter>
        </ClInclude>
        <ClInclude Include="Game\Objects\Enums\ObjectType.h">
            <Filter>Game\Objects\Enums</Filter>
        </ClInclude>
        <ClInclude Include="SEED\Source\Basic\Scene\Scene_Base.h">
            <Filter>SEED\Source\Basic\Scene</Filter>
        </ClInclude>
        <ClInclude Include="SEED\Source\Basic\Scene\SceneState_Base.h">
            <Filter>SEED\Source\Basic\Scene</Filter>
        </ClInclude>
        <ClInclude Include="SEED\Lib\enums\Direction.h">
            <Filter>SEED\Lib\enums</Filter>
        </ClInclude>
        <ClInclude Include="SEED\Lib\Shapes\Capsule.h">
            <Filter>SEED\Lib\Shapes</Filter>
        </ClInclude>
        <ClInclude Include="SEED\Lib\Shapes\Line.h">
            <Filter>SEED\Lib\Shapes</Filter>
        </ClInclude>
        <ClInclude Include="SEED\Lib\Shapes\sphere.h">
            <Filter>SEED\Lib\Shapes</Filter>
        </ClInclude>
        <ClInclude Include="SEED\Lib\Structs\BitSet.h">
            <Filter>SEED\Lib\Structs</Filter>
        </ClInclude>
        <ClInclude Include="SEED\Source\Manager\DxManager\DxBuffer.h">
            <Filter>SEED\Source\Manager\DxManager</Filter>
        </ClInclude>
        <ClInclude Include="SEED\Source\Manager\DxManager\DxReadbackBuffer.h">
            <Filter>SEED\Source\Manager\DxManager</Filter>
        </ClInclude>
        <ClInclude Include="SEED\Source\Manager\DxManager\DxResource.h">
            <Filter>SEED\Source\Manager\DxManager</Filter>
        </ClInclude>
        <ClInclude Include="SEED\Source\Manager\Hierarchy\LoadObjectData.h">
            <Filter>SEED\Source\Manager\Hierarchy</Filter>
        </ClInclude>
        <ClInclude Include="SEED\Source\Manager\ImGuiManager\ImGuiEx.h">
            <Filter>SEED\Source\Manager\ImGuiManager</Filter>
        </ClInclude>
        <ClInclude Include="SEED\Source\Manager\ParticleManager\CPUParticle\Particle\Particle2D.h">
            <Filter>SEED\Source\Manager\ParticleManager\CPUParticle\Particle</Filter>
        </ClInclude>
        <ClInclude Include="SEED\Source\Manager\PostEffectSystem\PostEffectContext.h">
            <Filter>SEED\Source\Manager\PostEffectSystem</Filter>
        </ClInclude>
        <ClInclude Include="SEED\Source\Manager\DxManager\PSO\IPipeline.h">
            <Filter>SEED\Source\Manager\DxManager\PSO</Filter>
        </ClInclude>
        <ClInclude Include="SEED\Source\Manager\DxManager\PSO\MSPipeline.h">
            <Filter>SEED\Source\Manager\DxManager\PSO</Filter>
        </ClInclude>
        <ClInclude Include="SEED\Source\Manager\DxManager\PSO\PSO.h">
            <Filter>SEED\Source\Manager\DxManager\PSO</Filter>
        </ClInclude>
        <ClInclude Include="SEED\Source\Manager\DxManager\ShaderDictionary.h">
            <Filter>SEED\Source\Manager\DxManager</Filter>
        </ClInclude>
        <ClInclude Include="SEED\Source\Manager\ParticleManager\CPUParticle\ParticleManager.h">
            <Filter>SEED\Source\Manager\ParticleManager\CPUParticle</Filter>
        </ClInclude>
        <ClInclude Include="SEED\Source\Manager\ParticleManager\GPUParticle\GPUEmitter.h">
            <Filter>SEED\Source\Manager\ParticleManager\GPUParticle</Filter>
        </ClInclude>
        <ClInclude Include="SEED\Source\Manager\ParticleManager\GPUParticle\GPUParticle.h">
            <Filter>SEED\Source\Manager\ParticleManager\GPUParticle</Filter>
        </ClInclude>
        <ClInclude Include="SEED\Source\Manager\ParticleManager\GPUParticle\GPUParticleSystem.h">
            <Filter>SEED\Source\Manager\ParticleManager\GPUParticle</Filter>
        </ClInclude>
        <ClInclude Include="SEED\Source\Manager\Hierarchy\Hierarchy.h">
            <Filter>SEED\Source\Manager\Hierarchy</Filter>
        </ClInclude>
        <ClInclude Include="SEED\Source\Manager\ImGuiManager\ImGlyph.h">
            <Filter>SEED\Source\Manager\ImGuiManager</Filter>
        </ClInclude>
        <ClInclude Include="SEED\Source\Manager\InputManager\InputHandler.h">
            <Filter>SEED\Source\Manager\InputManager</Filter>
        </ClInclude>
        <ClInclude Include="SEED\Source\Manager\InputManager\MouseDefinitions.h">
            <Filter>SEED\Source\Manager\InputManager</Filter>
        </ClInclude>
        <ClInclude Include="SEED\Source\Manager\InputManager\PadDefinitions.h">
            <Filter>SEED\Source\Manager\InputManager</Filter>
        </ClInclude>
        <ClInclude Include="SEED\Lib\Functions\DxFunc.h">
            <Filter>SEED\Lib\Functions</Filter>
        </ClInclude>
        <ClInclude Include="SEED\Lib\Functions\Easing.h">
            <Filter>SEED\Lib\Functions</Filter>
        </ClInclude>
        <ClInclude Include="SEED\Lib\Functions\ShapeMath.h">
            <Filter>SEED\Lib\Functions</Filter>
        </ClInclude>
        <ClInclude Include="SEED\Lib\Includes\includes.h">
            <Filter>SEED\Lib\Includes</Filter>
        </ClInclude>
        <ClInclude Include="SEED\Lib\Includes\include_matrixes.h">
            <Filter>SEED\Lib\Includes</Filter>
        </ClInclude>
        <ClInclude Include="SEED\Lib\Includes\include_shapes.h">
            <Filter>SEED\Lib\Includes</Filter>
        </ClInclude>
        <ClInclude Include="SEED\Lib\Includes\include_tensors.h">
            <Filter>SEED\Lib\Includes</Filter>
        </ClInclude>
        <ClInclude Include="SEED\Lib\Includes\include_useful.h">
            <Filter>SEED\Lib\Includes</Filter>
        </ClInclude>
        <ClInclude Include="SEED\Lib\Includes\include_vectors.h">
            <Filter>SEED\Lib\Includes</Filter>
        </ClInclude>
        <ClInclude Include="SEED\Lib\Shapes\AABB.h">
            <Filter>SEED\Lib\Shapes</Filter>
        </ClInclude>
        <ClInclude Include="SEED\Lib\Shapes\OBB.h">
            <Filter>SEED\Lib\Shapes</Filter>
        </ClInclude>
        <ClInclude Include="SEED\Lib\Shapes\Quad.h">
            <Filter>SEED\Lib\Shapes</Filter>
        </ClInclude>
        <ClInclude Include="SEED\Lib\Shapes\Triangle.h">
            <Filter>SEED\Lib\Shapes</Filter>
        </ClInclude>
        <ClInclude Include="SEED\Lib\Structs\AccelerarionField.h">
            <Filter>SEED\Lib\Structs</Filter>
        </ClInclude>
        <ClInclude Include="SEED\Lib\Structs\blendMode.h">
            <Filter>SEED\Lib\Structs</Filter>
        </ClInclude>
        <ClInclude Include="SEED\Lib\Structs\CS_Buffers.h">
            <Filter>SEED\Lib\Structs</Filter>
        </ClInclude>
        <ClInclude Include="SEED\Lib\Structs\DirectionalLight.h">
            <Filter>SEED\Lib\Structs</Filter>
        </ClInclude>
        <ClInclude Include="SEED\Lib\Structs\DrawLocation.h">
            <Filter>SEED\Lib\Structs</Filter>
        </ClInclude>
        <ClInclude Include="SEED\Lib\Structs\ModelAnimation.h">
            <Filter>SEED\Lib\Structs</Filter>
        </ClInclude>
        <ClInclude Include="SEED\Lib\Structs\OffsetData.h">
            <Filter>SEED\Lib\Structs</Filter>
        </ClInclude>
        <ClInclude Include="SEED\Lib\Structs\Material.h">
            <Filter>SEED\Lib\Structs</Filter>
        </ClInclude>
        <ClInclude Include="SEED\Lib\Structs\Model.h">
            <Filter>SEED\Lib\Structs</Filter>
        </ClInclude>
        <ClInclude Include="SEED\Lib\Structs\modelData.h">
            <Filter>SEED\Lib\Structs</Filter>
        </ClInclude>
        <ClInclude Include="SEED\Lib\Structs\Range1D.h">
            <Filter>SEED\Lib\Structs</Filter>
        </ClInclude>
        <ClInclude Include="SEED\Lib\Structs\Range2D.h">
            <Filter>SEED\Lib\Structs</Filter>
        </ClInclude>
        <ClInclude Include="SEED\Lib\Structs\Range3D.h">
            <Filter>SEED\Lib\Structs</Filter>
        </ClInclude>
        <ClInclude Include="SEED\Lib\Structs\Sprite.h">
            <Filter>SEED\Lib\Structs</Filter>
        </ClInclude>
        <ClInclude Include="SEED\Lib\Structs\Transform.h">
            <Filter>SEED\Lib\Structs</Filter>
        </ClInclude>
        <ClInclude Include="SEED\Lib\Structs\VertexData.h">
            <Filter>SEED\Lib\Structs</Filter>
        </ClInclude>
        <ClInclude Include="SEED\Lib\Tensor\Matrix2x2.h">
            <Filter>SEED\Lib\Tensor</Filter>
        </ClInclude>
        <ClInclude Include="SEED\Lib\Tensor\Matrix3x3.h">
            <Filter>SEED\Lib\Tensor</Filter>
        </ClInclude>
        <ClInclude Include="SEED\Lib\Tensor\Matrix4x4.h">
            <Filter>SEED\Lib\Tensor</Filter>
        </ClInclude>
        <ClInclude Include="SEED\Lib\Tensor\Quaternion.h">
            <Filter>SEED\Lib\Tensor</Filter>
        </ClInclude>
        <ClInclude Include="SEED\Lib\Tensor\Vector2.h">
            <Filter>SEED\Lib\Tensor</Filter>
        </ClInclude>
        <ClInclude Include="SEED\Lib\Tensor\Vector3.h">
            <Filter>SEED\Lib\Tensor</Filter>
        </ClInclude>
        <ClInclude Include="SEED\Lib\Tensor\Vector4.h">
            <Filter>SEED\Lib\Tensor</Filter>
        </ClInclude>
        <ClInclude Include="SEED\Source\Manager\AudioManager\AudioManager.h">
            <Filter>SEED\Source\Manager\AudioManager</Filter>
        </ClInclude>
        <ClInclude Include="SEED\Source\Manager\AudioManager\XAPO\XAPO_Pitch.h">
            <Filter>SEED\Source\Manager\AudioManager\XAPO</Filter>
        </ClInclude>
        <ClInclude Include="SEED\Source\Manager\CameraManager\CameraManager.h">
            <Filter>SEED\Source\Manager\CameraManager</Filter>
        </ClInclude>
        <ClInclude Include="SEED\Source\Manager\ClockManager\ClockManager.h">
            <Filter>SEED\Source\Manager\ClockManager</Filter>
        </ClInclude>
        <ClInclude Include="SEED\Source\Manager\DxManager\DescriptorHeap\ViewManager_Enum.h">
            <Filter>SEED\Source\Manager\DxManager\DescriptorHeap</Filter>
        </ClInclude>
        <ClInclude Include="SEED\Source\Manager\DxManager\DxManager.h">
            <Filter>SEED\Source\Manager\DxManager</Filter>
        </ClInclude>
        <ClInclude Include="SEED\Source\Manager\PostEffectSystem\PostEffectSystem.h">
            <Filter>SEED\Source\Manager\PostEffectSystem</Filter>
        </ClInclude>
        <ClInclude Include="SEED\Source\Manager\DxManager\PolygonManager.h">
            <Filter>SEED\Source\Manager\DxManager</Filter>
        </ClInclude>
        <ClInclude Include="SEED\Source\Manager\DxManager\PSO\Pipeline.h">
            <Filter>SEED\Source\Manager\DxManager\PSO</Filter>
        </ClInclude>
        <ClInclude Include="SEED\Source\Manager\DxManager\PSO\PSOManager.h">
            <Filter>SEED\Source\Manager\DxManager\PSO</Filter>
        </ClInclude>
        <ClInclude Include="SEED\Source\Manager\DxManager\PSO\RootSignature.h">
            <Filter>SEED\Source\Manager\DxManager\PSO</Filter>
        </ClInclude>
        <ClInclude Include="SEED\Source\Manager\DxManager\ViewManager.h">
            <Filter>SEED\Source\Manager\DxManager</Filter>
        </ClInclude>
        <ClInclude Include="SEED\Source\Manager\ImGuiManager\ImGuiManager.h">
            <Filter>SEED\Source\Manager\ImGuiManager</Filter>
        </ClInclude>
        <ClInclude Include="SEED\Source\Manager\InputManager\InputManager.h">
            <Filter>SEED\Source\Manager\InputManager</Filter>
        </ClInclude>
        <ClInclude Include="SEED\Source\Manager\ModelManager\ModelManager.h">
            <Filter>SEED\Source\Manager\ModelManager</Filter>
        </ClInclude>
        <ClInclude Include="SEED\Source\Manager\RuntimeScriptSystem\FunctionTypeDefines.h">
            <Filter>SEED\Source\Manager\RuntimeScriptSystem</Filter>
        </ClInclude>
        <ClInclude Include="SEED\Source\Manager\RuntimeScriptSystem\RuntimeScriptSystem.h">
            <Filter>SEED\Source\Manager\RuntimeScriptSystem</Filter>
        </ClInclude>
        <ClInclude Include="SEED\Source\Manager\SceneManager\SceneManager.h">
            <Filter>SEED\Source\Manager\SceneManager</Filter>
        </ClInclude>
        <ClInclude Include="SEED\Source\Manager\SceneTransitionDrawer\SceneTransitionDrawer.h">
            <Filter>SEED\Source\Manager\SceneTransitionDrawer</Filter>
        </ClInclude>
        <ClInclude Include="SEED\Source\Manager\TextSystem\FontData.h">
            <Filter>SEED\Source\Manager\TextSystem</Filter>
        </ClInclude>
        <ClInclude Include="SEED\Source\Manager\TextSystem\TextSystem.h">
            <Filter>SEED\Source\Manager\TextSystem</Filter>
        </ClInclude>
        <ClInclude Include="SEED\Source\Manager\TextureManager\TextureManager.h">
            <Filter>SEED\Source\Manager\TextureManager</Filter>
        </ClInclude>
        <ClInclude Include="SEED\Source\Manager\VideoManager\VideoManager.h">
            <Filter>SEED\Source\Manager\VideoManager</Filter>
        </ClInclude>
        <ClInclude Include="SEED\Source\Manager\WindowManager\WindowInfo.h">
            <Filter>SEED\Source\Manager\WindowManager</Filter>
        </ClInclude>
        <ClInclude Include="SEED\Source\Manager\WindowManager\WindowManager.h">
            <Filter>SEED\Source\Manager\WindowManager</Filter>
        </ClInclude>
        <ClInclude Include="SEED\Source\Basic\Camera\BaseCamera.h">
            <Filter>SEED\Source\Basic\Camera</Filter>
        </ClInclude>
        <ClInclude Include="SEED\Source\Basic\Camera\DebugCamera.h">
            <Filter>SEED\Source\Basic\Camera</Filter>
        </ClInclude>
        <ClInclude Include="SEED\Source\Basic\Camera\FollowCamera.h">
            <Filter>SEED\Source\Basic\Camera</Filter>
        </ClInclude>
        <ClInclude Include="SEED\Source\Basic\Collision\3D\Collider.h">
            <Filter>SEED\Source\Basic\Collision\3D</Filter>
        </ClInclude>
        <ClInclude Include="SEED\Source\Basic\Collision\ColliderAnimationData.h">
            <Filter>SEED\Source\Basic\Collision</Filter>
        </ClInclude>
        <ClInclude Include="SEED\Source\Basic\Collision\3D\Collider_AABB.h">
            <Filter>SEED\Source\Basic\Collision\3D</Filter>
        </ClInclude>
        <ClInclude Include="SEED\Source\Basic\Collision\3D\Collider_Capsule.h">
            <Filter>SEED\Source\Basic\Collision\3D</Filter>
        </ClInclude>
        <ClInclude Include="SEED\Source\Basic\Collision\3D\Collider_Line.h">
            <Filter>SEED\Source\Basic\Collision\3D</Filter>
        </ClInclude>
        <ClInclude Include="SEED\Source\Basic\Collision\3D\Collider_OBB.h">
            <Filter>SEED\Source\Basic\Collision\3D</Filter>
        </ClInclude>
        <ClInclude Include="SEED\Source\Basic\Collision\3D\Collider_Plane.h">
            <Filter>SEED\Source\Basic\Collision\3D</Filter>
        </ClInclude>
        <ClInclude Include="SEED\Source\Basic\Collision\3D\Collider_Sphere.h">
            <Filter>SEED\Source\Basic\Collision\3D</Filter>
        </ClInclude>
        <ClInclude Include="SEED\Source\Basic\Collision\Octree.h">
            <Filter>SEED\Source\Basic\Collision</Filter>
        </ClInclude>
        <ClInclude Include="SEED\Source\Manager\ParticleManager\CPUParticle\Particle\Particle3D.h">
            <Filter>SEED\Source\Manager\ParticleManager\CPUParticle\Particle</Filter>
        </ClInclude>
        <ClInclude Include="SEED\Source\Manager\ParticleManager\CPUParticle\Emitter\EmitterBase.h">
            <Filter>SEED\Source\Manager\ParticleManager\CPUParticle\Emitter</Filter>
        </ClInclude>
        <ClInclude Include="SEED\Source\Manager\ParticleManager\CPUParticle\Emitter\Emitter3D.h">
            <Filter>SEED\Source\Manager\ParticleManager\CPUParticle\Emitter</Filter>
        </ClInclude>
        <ClInclude Include="SEED\Source\SEED.h">
            <Filter>SEED\Source</Filter>
        </ClInclude>
        <FxCompile Include="Resources\Shaders\Bloom.CS.hlsl">
            <Filter>Resources\Shaders</Filter>
        </FxCompile>
        <FxCompile Include="Resources\Shaders\DoF.CS.hlsl">
            <Filter>Resources\Shaders</Filter>
        </FxCompile>
        <FxCompile Include="Resources\Shaders\DownSample.CS.hlsl">
            <Filter>Resources\Shaders</Filter>
        </FxCompile>
        <FxCompile Include="Resources\Shaders\Fog.CS.hlsl">
            <Filter>Resources\Shaders</Filter>
        </FxCompile>
        <FxCompile Include="Resources\Shaders\GaussianFilter\GaussianFilterX.CS.hlsl">
            <Filter>Resources\Shaders\GaussianFilter</Filter>
        </FxCompile>
        <FxCompile Include="Resources\Shaders\GaussianFilter\GaussianFilterY.CS.hlsl">
            <Filter>Resources\Shaders\GaussianFilter</Filter>
        </FxCompile>
        <FxCompile Include="Resources\Shaders\Glitch.CS.hlsl">
            <Filter>Resources\Shaders</Filter>
        </FxCompile>
        <FxCompile Include="Resources\Shaders\GPUParticle\EmitterUpdate.CS.hlsl">
            <Filter>Resources\Shaders\GPUParticle</Filter>
        </FxCompile>
        <FxCompile Include="Resources\Shaders\GPUParticle\GPUParticleInit.CS.hlsl">
            <Filter>Resources\Shaders\GPUParticle</Filter>
        </FxCompile>
        <FxCompile Include="Resources\Shaders\GPUParticle\Particle.PS.hlsl">
            <Filter>Resources\Shaders\GPUParticle</Filter>
        </FxCompile>
        <FxCompile Include="Resources\Shaders\GPUParticle\Particle.VS.hlsl">
            <Filter>Resources\Shaders\GPUParticle</Filter>
        </FxCompile>
        <FxCompile Include="Resources\Shaders\GPUParticle\ParticleUpdate.CS.hlsl">
            <Filter>Resources\Shaders\GPUParticle</Filter>
        </FxCompile>
        <FxCompile Include="Resources\Shaders\GrayScale.CS.hlsl">
            <Filter>Resources\Shaders</Filter>
        </FxCompile>
        <FxCompile Include="Resources\Shaders\Object3D.MS.hlsl">
            <Filter>Resources\Shaders</Filter>
        </FxCompile>
        <FxCompile Include="Resources\Shaders\Object3d.PS.hlsl">
            <Filter>Resources\Shaders</Filter>
        </FxCompile>
        <FxCompile Include="Resources\Shaders\Object3d.VS.hlsl">
            <Filter>Resources\Shaders</Filter>
        </FxCompile>
        <FxCompile Include="Resources\Shaders\RGBShift.CS.hlsl">
            <Filter>Resources\Shaders</Filter>
        </FxCompile>
        <FxCompile Include="Resources\Shaders\ScanLine.CS.hlsl">
            <Filter>Resources\Shaders</Filter>
        </FxCompile>
        <FxCompile Include="Resources\Shaders\Skinning.VS.hlsl">
            <Filter>Resources\Shaders</Filter>
        </FxCompile>
        <FxCompile Include="Resources\Shaders\SkyBox.PS.hlsl">
            <Filter>Resources\Shaders</Filter>
        </FxCompile>
        <FxCompile Include="Resources\Shaders\SkyBox.VS.hlsl">
            <Filter>Resources\Shaders</Filter>
        </FxCompile>
        <FxCompile Include="Resources\Shaders\Text.PS.hlsl">
            <Filter>Resources\Shaders</Filter>
        </FxCompile>
        <FxCompile Include="Resources\Shaders\Video\NV12ToRGBA.CS.hlsl">
            <Filter>Resources\Shaders\Video</Filter>
        </FxCompile>
        <FxCompile Include="Resources\Shaders\Vignette.CS.hlsl">
            <Filter>Resources\Shaders</Filter>
        </FxCompile>
        <None Include="Resources\Shaders\Camera.hlsli">
            <Filter>Resources\Shaders</Filter>
        </None>
        <None Include="Resources\Shaders\GPUParticle\GPUParticle.hlsli">
            <Filter>Resources\Shaders\GPUParticle</Filter>
        </None>
        <None Include="Resources\Shaders\Lighting.hlsli">
            <Filter>Resources\Shaders</Filter>
        </None>
        <None Include="Resources\Shaders\Material.hlsli">
            <Filter>Resources\Shaders</Filter>
        </None>
        <None Include="Resources\Shaders\Math\Math.hlsli">
            <Filter>Resources\Shaders\Math</Filter>
        </None>
        <None Include="Resources\Shaders\Math\Numbers.hlsli">
            <Filter>Resources\Shaders\Math</Filter>
        </None>
        <None Include="Resources\Shaders\Math\Quaternion.hlsli">
            <Filter>Resources\Shaders\Math</Filter>
        </None>
        <None Include="Resources\Shaders\Object3D.hlsli">
            <Filter>Resources\Shaders</Filter>
        </None>
        <None Include="Resources\Shaders\Random\Random.hlsli">
            <Filter>Resources\Shaders\Random</Filter>
        </None>
    </ItemGroup>
</Project>
