
Microsoft Visual Studio Solution File, Format Version 12.00
# Visual Studio Version 17
VisualStudioVersion = 17.14.36203.30
MinimumVisualStudioVersion = 10.0.40219.1
Project("{FAE04EC0-301F-11D3-BF4B-00C04F79EFBC}") = "ScriptCompiler", "ScriptCompiler\ScriptCompiler.csproj", "{FCD0A254-8677-B4B1-33B8-006615AFCF8E}"
EndProject
Project("{FAE04EC0-301F-11D3-BF4B-00C04F79EFBC}") = "ScriptRunner", "ScriptRunner\ScriptRunner.csproj", "{BBFA7701-8C5F-18C4-F0BB-90A46F72F56B}"
EndProject
Project("{FAE04EC0-301F-11D3-BF4B-00C04F79EFBC}") = "GameScripts", "GameScripts\GameScripts.csproj", "{83716A3D-FB6A-439F-9DE8-17FD87169E71}"
EndProject
Global
	GlobalSection(SolutionConfigurationPlatforms) = preSolution
		Debug|Any CPU = Debug|Any CPU
		Release|Any CPU = Release|Any CPU
	EndGlobalSection
	GlobalSection(ProjectConfigurationPlatforms) = postSolution
		{FCD0A254-8677-B4B1-33B8-006615AFCF8E}.Debug|Any CPU.ActiveCfg = Debug|Any CPU
		{FCD0A254-8677-B4B1-33B8-006615AFCF8E}.Debug|Any CPU.Build.0 = Debug|Any CPU
		{FCD0A254-8677-B4B1-33B8-006615AFCF8E}.Release|Any CPU.ActiveCfg = Release|Any CPU
		{FCD0A254-8677-B4B1-33B8-006615AFCF8E}.Release|Any CPU.Build.0 = Release|Any CPU
		{BBFA7701-8C5F-18C4-F0BB-90A46F72F56B}.Debug|Any CPU.ActiveCfg = Debug|Any CPU
		{BBFA7701-8C5F-18C4-F0BB-90A46F72F56B}.Debug|Any CPU.Build.0 = Debug|Any CPU
		{BBFA7701-8C5F-18C4-F0BB-90A46F72F56B}.Release|Any CPU.ActiveCfg = Release|Any CPU
		{BBFA7701-8C5F-18C4-F0BB-90A46F72F56B}.Release|Any CPU.Build.0 = Release|Any CPU
		{83716A3D-FB6A-439F-9DE8-17FD87169E71}.Debug|Any CPU.ActiveCfg = Debug|Any CPU
		{83716A3D-FB6A-439F-9DE8-17FD87169E71}.Debug|Any CPU.Build.0 = Debug|Any CPU
		{83716A3D-FB6A-439F-9DE8-17FD87169E71}.Release|Any CPU.ActiveCfg = Release|Any CPU
		{83716A3D-FB6A-439F-9DE8-17FD87169E71}.Release|Any CPU.Build.0 = Release|Any CPU
	EndGlobalSection
	GlobalSection(SolutionProperties) = preSolution
		HideSolutionNode = FALSE
	EndGlobalSection
	GlobalSection(ExtensibilityGlobals) = postSolution
		SolutionGuid = {7DCED90A-734B-4DCF-88A8-5AAAB37D56AA}
	EndGlobalSection
EndGlobal
