
Microsoft Visual Studio Solution File, Format Version 12.00
# Visual Studio Version 17
VisualStudioVersion = 17.14.36203.30 d17.14
MinimumVisualStudioVersion = 10.0.40219.1
Project("{FAE04EC0-301F-11D3-BF4B-00C04F79EFBC}") = "ScriptRuntime", "ScriptRuntime.csproj", "{F6F5C8E0-CEEA-41FC-AD6D-B54648B41A48}"
EndProject
Global
	GlobalSection(SolutionConfigurationPlatforms) = preSolution
		Debug|Any CPU = Debug|Any CPU
		Release|Any CPU = Release|Any CPU
	EndGlobalSection
	GlobalSection(ProjectConfigurationPlatforms) = postSolution
		{F6F5C8E0-CEEA-41FC-AD6D-B54648B41A48}.Debug|Any CPU.ActiveCfg = Debug|Any CPU
		{F6F5C8E0-CEEA-41FC-AD6D-B54648B41A48}.Debug|Any CPU.Build.0 = Debug|Any CPU
		{F6F5C8E0-CEEA-41FC-AD6D-B54648B41A48}.Release|Any CPU.ActiveCfg = Release|Any CPU
		{F6F5C8E0-CEEA-41FC-AD6D-B54648B41A48}.Release|Any CPU.Build.0 = Release|Any CPU
	EndGlobalSection
	GlobalSection(SolutionProperties) = preSolution
		HideSolutionNode = FALSE
	EndGlobalSection
	GlobalSection(ExtensibilityGlobals) = postSolution
		SolutionGuid = {C4730A92-F677-494C-96AE-FBC24DFDC5C2}
	EndGlobalSection
EndGlobal
